// !$*UTF8*$!
{
	archiveVersion = 1;
	classes = {
	};
	objectVersion = 56;
	objects = {

/* Begin PBXBuildFile section */
		C80CA7082BD3C66E0075F95B /* AppDelegate.swift in Sources */ = {isa = PBXBuildFile; fileRef = C80CA7072BD3C66E0075F95B /* AppDelegate.swift */; };
		C80CA70A2BD3C66E0075F95B /* SceneDelegate.swift in Sources */ = {isa = PBXBuildFile; fileRef = C80CA7092BD3C66E0075F95B /* SceneDelegate.swift */; };
		C80CA70C2BD3C66E0075F95B /* OnBoardingViewController.swift in Sources */ = {isa = PBXBuildFile; fileRef = C80CA70B2BD3C66E0075F95B /* OnBoardingViewController.swift */; };
		C80CA7112BD3C6700075F95B /* Assets.xcassets in Resources */ = {isa = PBXBuildFile; fileRef = C80CA7102BD3C6700075F95B /* Assets.xcassets */; };
		C80CA7142BD3C6700075F95B /* Base in Resources */ = {isa = PBXBuildFile; fileRef = C80CA7132BD3C6700075F95B /* Base */; };
		C80CA71E2BD3C7360075F95B /* UIBuilder.swift in Sources */ = {isa = PBXBuildFile; fileRef = C80CA71D2BD3C7360075F95B /* UIBuilder.swift */; };
		C80CA7212BD3CBAC0075F95B /* OnBoardingCustomCell.swift in Sources */ = {isa = PBXBuildFile; fileRef = C80CA7202BD3CBAC0075F95B /* OnBoardingCustomCell.swift */; };
		C80CA7242BD3EB210075F95B /* MainCustomCell.swift in Sources */ = {isa = PBXBuildFile; fileRef = C80CA7232BD3EB210075F95B /* MainCustomCell.swift */; };
		C80CA7262BD3EB4D0075F95B /* MainViewController.swift in Sources */ = {isa = PBXBuildFile; fileRef = C80CA7252BD3EB4D0075F95B /* MainViewController.swift */; };
		C80CA7292BD403B00075F95B /* DetailViewController.swift in Sources */ = {isa = PBXBuildFile; fileRef = C80CA7282BD403B00075F95B /* DetailViewController.swift */; };
/* End PBXBuildFile section */

/* Begin PBXFileReference section */
		C80CA7042BD3C66E0075F95B /* HomeWork16.app */ = {isa = PBXFileReference; explicitFileType = wrapper.application; includeInIndex = 0; path = HomeWork16.app; sourceTree = BUILT_PRODUCTS_DIR; };
		C80CA7072BD3C66E0075F95B /* AppDelegate.swift */ = {isa = PBXFileReference; lastKnownFileType = sourcecode.swift; path = AppDelegate.swift; sourceTree = "<group>"; };
		C80CA7092BD3C66E0075F95B /* SceneDelegate.swift */ = {isa = PBXFileReference; lastKnownFileType = sourcecode.swift; path = SceneDelegate.swift; sourceTree = "<group>"; };
		C80CA70B2BD3C66E0075F95B /* OnBoardingViewController.swift */ = {isa = PBXFileReference; lastKnownFileType = sourcecode.swift; path = OnBoardingViewController.swift; sourceTree = "<group>"; };
		C80CA7102BD3C6700075F95B /* Assets.xcassets */ = {isa = PBXFileReference; lastKnownFileType = folder.assetcatalog; path = Assets.xcassets; sourceTree = "<group>"; };
		C80CA7132BD3C6700075F95B /* Base */ = {isa = PBXFileReference; lastKnownFileType = file.storyboard; name = Base; path = Base.lproj/LaunchScreen.storyboard; sourceTree = "<group>"; };
		C80CA7152BD3C6700075F95B /* Info.plist */ = {isa = PBXFileReference; lastKnownFileType = text.plist.xml; path = Info.plist; sourceTree = "<group>"; };
		C80CA71D2BD3C7360075F95B /* UIBuilder.swift */ = {isa = PBXFileReference; lastKnownFileType = sourcecode.swift; path = UIBuilder.swift; sourceTree = "<group>"; };
		C80CA7202BD3CBAC0075F95B /* OnBoardingCustomCell.swift */ = {isa = PBXFileReference; lastKnownFileType = sourcecode.swift; path = OnBoardingCustomCell.swift; sourceTree = "<group>"; };
		C80CA7232BD3EB210075F95B /* MainCustomCell.swift */ = {isa = PBXFileReference; lastKnownFileType = sourcecode.swift; path = MainCustomCell.swift; sourceTree = "<group>"; };
		C80CA7252BD3EB4D0075F95B /* MainViewController.swift */ = {isa = PBXFileReference; lastKnownFileType = sourcecode.swift; path = MainViewController.swift; sourceTree = "<group>"; };
		C80CA7282BD403B00075F95B /* DetailViewController.swift */ = {isa = PBXFileReference; lastKnownFileType = sourcecode.swift; path = DetailViewController.swift; sourceTree = "<group>"; };
/* End PBXFileReference section */

/* Begin PBXFrameworksBuildPhase section */
		C80CA7012BD3C66E0075F95B /* Frameworks */ = {
			isa = PBXFrameworksBuildPhase;
			buildActionMask = 2147483647;
			files = (
			);
			runOnlyForDeploymentPostprocessing = 0;
		};
/* End PBXFrameworksBuildPhase section */

/* Begin PBXGroup section */
		C80CA6FB2BD3C66E0075F95B = {
			isa = PBXGroup;
			children = (
				C80CA7062BD3C66E0075F95B /* HomeWork16 */,
				C80CA7052BD3C66E0075F95B /* Products */,
			);
			sourceTree = "<group>";
		};
		C80CA7052BD3C66E0075F95B /* Products */ = {
			isa = PBXGroup;
			children = (
				C80CA7042BD3C66E0075F95B /* HomeWork16.app */,
			);
			name = Products;
			sourceTree = "<group>";
		};
		C80CA7062BD3C66E0075F95B /* HomeWork16 */ = {
			isa = PBXGroup;
			children = (
				C80CA71F2BD3C7610075F95B /* OnBoardingScreen */,
				C80CA7222BD3EAD80075F95B /* MainScreen */,
				C80CA7272BD401F30075F95B /* DetailScreen */,
				C80CA71B2BD3C69D0075F95B /* Support */,
				C80CA71C2BD3C7090075F95B /* Builder */,
				C80CA7102BD3C6700075F95B /* Assets.xcassets */,
				C80CA7122BD3C6700075F95B /* LaunchScreen.storyboard */,
				C80CA7152BD3C6700075F95B /* Info.plist */,
			);
			path = HomeWork16;
			sourceTree = "<group>";
		};
		C80CA71B2BD3C69D0075F95B /* Support */ = {
			isa = PBXGroup;
			children = (
				C80CA7072BD3C66E0075F95B /* AppDelegate.swift */,
				C80CA7092BD3C66E0075F95B /* SceneDelegate.swift */,
			);
			path = Support;
			sourceTree = "<group>";
		};
		C80CA71C2BD3C7090075F95B /* Builder */ = {
			isa = PBXGroup;
			children = (
				C80CA71D2BD3C7360075F95B /* UIBuilder.swift */,
			);
			path = Builder;
			sourceTree = "<group>";
		};
		C80CA71F2BD3C7610075F95B /* OnBoardingScreen */ = {
			isa = PBXGroup;
			children = (
				C80CA70B2BD3C66E0075F95B /* OnBoardingViewController.swift */,
				C80CA7202BD3CBAC0075F95B /* OnBoardingCustomCell.swift */,
			);
			path = OnBoardingScreen;
			sourceTree = "<group>";
		};
		C80CA7222BD3EAD80075F95B /* MainScreen */ = {
			isa = PBXGroup;
			children = (
				C80CA7232BD3EB210075F95B /* MainCustomCell.swift */,
				C80CA7252BD3EB4D0075F95B /* MainViewController.swift */,
			);
			path = MainScreen;
			sourceTree = "<group>";
		};
		C80CA7272BD401F30075F95B /* DetailScreen */ = {
			isa = PBXGroup;
			children = (
				C80CA7282BD403B00075F95B /* DetailViewController.swift */,
			);
			path = DetailScreen;
			sourceTree = "<group>";
		};
/* End PBXGroup section */

/* Begin PBXNativeTarget section */
		C80CA7032BD3C66E0075F95B /* HomeWork16 */ = {
			isa = PBXNativeTarget;
			buildConfigurationList = C80CA7182BD3C6700075F95B /* Build configuration list for PBXNativeTarget "HomeWork16" */;
			buildPhases = (
				C80CA7002BD3C66E0075F95B /* Sources */,
				C80CA7012BD3C66E0075F95B /* Frameworks */,
				C80CA7022BD3C66E0075F95B /* Resources */,
			);
			buildRules = (
			);
			dependencies = (
			);
			name = HomeWork16;
			productName = HomeWork16;
			productReference = C80CA7042BD3C66E0075F95B /* HomeWork16.app */;
			productType = "com.apple.product-type.application";
		};
/* End PBXNativeTarget section */

/* Begin PBXProject section */
		C80CA6FC2BD3C66E0075F95B /* Project object */ = {
			isa = PBXProject;
			attributes = {
				BuildIndependentTargetsInParallel = 1;
				LastSwiftUpdateCheck = 1530;
				LastUpgradeCheck = 1530;
				TargetAttributes = {
					C80CA7032BD3C66E0075F95B = {
						CreatedOnToolsVersion = 15.3;
					};
				};
			};
			buildConfigurationList = C80CA6FF2BD3C66E0075F95B /* Build configuration list for PBXProject "HomeWork16" */;
			compatibilityVersion = "Xcode 14.0";
			developmentRegion = en;
			hasScannedForEncodings = 0;
			knownRegions = (
				en,
				Base,
			);
			mainGroup = C80CA6FB2BD3C66E0075F95B;
			productRefGroup = C80CA7052BD3C66E0075F95B /* Products */;
			projectDirPath = "";
			projectRoot = "";
			targets = (
				C80CA7032BD3C66E0075F95B /* HomeWork16 */,
			);
		};
/* End PBXProject section */

/* Begin PBXResourcesBuildPhase section */
		C80CA7022BD3C66E0075F95B /* Resources */ = {
			isa = PBXResourcesBuildPhase;
			buildActionMask = 2147483647;
			files = (
				C80CA7112BD3C6700075F95B /* Assets.xcassets in Resources */,
				C80CA7142BD3C6700075F95B /* Base in Resources */,
			);
			runOnlyForDeploymentPostprocessing = 0;
		};
/* End PBXResourcesBuildPhase section */

/* Begin PBXSourcesBuildPhase section */
		C80CA7002BD3C66E0075F95B /* Sources */ = {
			isa = PBXSourcesBuildPhase;
			buildActionMask = 2147483647;
			files = (
				C80CA70C2BD3C66E0075F95B /* OnBoardingViewController.swift in Sources */,
				C80CA7262BD3EB4D0075F95B /* MainViewController.swift in Sources */,
				C80CA7082BD3C66E0075F95B /* AppDelegate.swift in Sources */,
				C80CA70A2BD3C66E0075F95B /* SceneDelegate.swift in Sources */,
				C80CA7242BD3EB210075F95B /* MainCustomCell.swift in Sources */,
				C80CA7212BD3CBAC0075F95B /* OnBoardingCustomCell.swift in Sources */,
				C80CA71E2BD3C7360075F95B /* UIBuilder.swift in Sources */,
				C80CA7292BD403B00075F95B /* DetailViewController.swift in Sources */,
			);
			runOnlyForDeploymentPostprocessing = 0;
		};
/* End PBXSourcesBuildPhase section */

/* Begin PBXVariantGroup section */
		C80CA7122BD3C6700075F95B /* LaunchScreen.storyboard */ = {
			isa = PBXVariantGroup;
			children = (
				C80CA7132BD3C6700075F95B /* Base */,
			);
			name = LaunchScreen.storyboard;
			sourceTree = "<group>";
		};
/* End PBXVariantGroup section */

/* Begin XCBuildConfiguration section */
		C80CA7162BD3C6700075F95B /* Debug */ = {
			isa = XCBuildConfiguration;
			buildSettings = {
				ALWAYS_SEARCH_USER_PATHS = NO;
				ASSETCATALOG_COMPILER_GENERATE_SWIFT_ASSET_SYMBOL_EXTENSIONS = YES;
				CLANG_ANALYZER_NONNULL = YES;
				CLANG_ANALYZER_NUMBER_OBJECT_CONVERSION = YES_AGGRESSIVE;
				CLANG_CXX_LANGUAGE_STANDARD = "gnu++20";
				CLANG_ENABLE_MODULES = YES;
				CLANG_ENABLE_OBJC_ARC = YES;
				CLANG_ENABLE_OBJC_WEAK = YES;
				CLANG_WARN_BLOCK_CAPTURE_AUTORELEASING = YES;
				CLANG_WARN_BOOL_CONVERSION = YES;
				CLANG_WARN_COMMA = YES;
				CLANG_WARN_CONSTANT_CONVERSION = YES;
				CLANG_WARN_DEPRECATED_OBJC_IMPLEMENTATIONS = YES;
				CLANG_WARN_DIRECT_OBJC_ISA_USAGE = YES_ERROR;
				CLANG_WARN_DOCUMENTATION_COMMENTS = YES;
				CLANG_WARN_EMPTY_BODY = YES;
				CLANG_WARN_ENUM_CONVERSION = YES;
				CLANG_WARN_INFINITE_RECURSION = YES;
				CLANG_WARN_INT_CONVERSION = YES;
				CLANG_WARN_NON_LITERAL_NULL_CONVERSION = YES;
				CLANG_WARN_OBJC_IMPLICIT_RETAIN_SELF = YES;
				CLANG_WARN_OBJC_LITERAL_CONVERSION = YES;
				CLANG_WARN_OBJC_ROOT_CLASS = YES_ERROR;
				CLANG_WARN_QUOTED_INCLUDE_IN_FRAMEWORK_HEADER = YES;
				CLANG_WARN_RANGE_LOOP_ANALYSIS = YES;
				CLANG_WARN_STRICT_PROTOTYPES = YES;
				CLANG_WARN_SUSPICIOUS_MOVE = YES;
				CLANG_WARN_UNGUARDED_AVAILABILITY = YES_AGGRESSIVE;
				CLANG_WARN_UNREACHABLE_CODE = YES;
				CLANG_WARN__DUPLICATE_METHOD_MATCH = YES;
				COPY_PHASE_STRIP = NO;
				DEBUG_INFORMATION_FORMAT = dwarf;
				ENABLE_STRICT_OBJC_MSGSEND = YES;
				ENABLE_TESTABILITY = YES;
				ENABLE_USER_SCRIPT_SANDBOXING = YES;
				GCC_C_LANGUAGE_STANDARD = gnu17;
				GCC_DYNAMIC_NO_PIC = NO;
				GCC_NO_COMMON_BLOCKS = YES;
				GCC_OPTIMIZATION_LEVEL = 0;
				GCC_PREPROCESSOR_DEFINITIONS = (
					"DEBUG=1",
					"$(inherited)",
				);
				GCC_WARN_64_TO_32_BIT_CONVERSION = YES;
				GCC_WARN_ABOUT_RETURN_TYPE = YES_ERROR;
				GCC_WARN_UNDECLARED_SELECTOR = YES;
				GCC_WARN_UNINITIALIZED_AUTOS = YES_AGGRESSIVE;
				GCC_WARN_UNUSED_FUNCTION = YES;
				GCC_WARN_UNUSED_VARIABLE = YES;
				IPHONEOS_DEPLOYMENT_TARGET = 17.4;
				LOCALIZATION_PREFERS_STRING_CATALOGS = YES;
				MTL_ENABLE_DEBUG_INFO = INCLUDE_SOURCE;
				MTL_FAST_MATH = YES;
				ONLY_ACTIVE_ARCH = YES;
				SDKROOT = iphoneos;
				SWIFT_ACTIVE_COMPILATION_CONDITIONS = "DEBUG $(inherited)";
				SWIFT_OPTIMIZATION_LEVEL = "-Onone";
			};
			name = Debug;
		};
		C80CA7172BD3C6700075F95B /* Release */ = {
			isa = XCBuildConfiguration;
			buildSettings = {
				ALWAYS_SEARCH_USER_PATHS = NO;
				ASSETCATALOG_COMPILER_GENERATE_SWIFT_ASSET_SYMBOL_EXTENSIONS = YES;
				CLANG_ANALYZER_NONNULL = YES;
				CLANG_ANALYZER_NUMBER_OBJECT_CONVERSION = YES_AGGRESSIVE;
				CLANG_CXX_LANGUAGE_STANDARD = "gnu++20";
				CLANG_ENABLE_MODULES = YES;
				CLANG_ENABLE_OBJC_ARC = YES;
				CLANG_ENABLE_OBJC_WEAK = YES;
				CLANG_WARN_BLOCK_CAPTURE_AUTORELEASING = YES;
				CLANG_WARN_BOOL_CONVERSION = YES;
				CLANG_WARN_COMMA = YES;
				CLANG_WARN_CONSTANT_CONVERSION = YES;
				CLANG_WARN_DEPRECATED_OBJC_IMPLEMENTATIONS = YES;
				CLANG_WARN_DIRECT_OBJC_ISA_USAGE = YES_ERROR;
				CLANG_WARN_DOCUMENTATION_COMMENTS = YES;
				CLANG_WARN_EMPTY_BODY = YES;
				CLANG_WARN_ENUM_CONVERSION = YES;
				CLANG_WARN_INFINITE_RECURSION = YES;
				CLANG_WARN_INT_CONVERSION = YES;
				CLANG_WARN_NON_LITERAL_NULL_CONVERSION = YES;
				CLANG_WARN_OBJC_IMPLICIT_RETAIN_SELF = YES;
				CLANG_WARN_OBJC_LITERAL_CONVERSION = YES;
				CLANG_WARN_OBJC_ROOT_CLASS = YES_ERROR;
				CLANG_WARN_QUOTED_INCLUDE_IN_FRAMEWORK_HEADER = YES;
				CLANG_WARN_RANGE_LOOP_ANALYSIS = YES;
				CLANG_WARN_STRICT_PROTOTYPES = YES;
				CLANG_WARN_SUSPICIOUS_MOVE = YES;
				CLANG_WARN_UNGUARDED_AVAILABILITY = YES_AGGRESSIVE;
				CLANG_WARN_UNREACHABLE_CODE = YES;
				CLANG_WARN__DUPLICATE_METHOD_MATCH = YES;
				COPY_PHASE_STRIP = NO;
				DEBUG_INFORMATION_FORMAT = "dwarf-with-dsym";
				ENABLE_NS_ASSERTIONS = NO;
				ENABLE_STRICT_OBJC_MSGSEND = YES;
				ENABLE_USER_SCRIPT_SANDBOXING = YES;
				GCC_C_LANGUAGE_STANDARD = gnu17;
				GCC_NO_COMMON_BLOCKS = YES;
				GCC_WARN_64_TO_32_BIT_CONVERSION = YES;
				GCC_WARN_ABOUT_RETURN_TYPE = YES_ERROR;
				GCC_WARN_UNDECLARED_SELECTOR = YES;
				GCC_WARN_UNINITIALIZED_AUTOS = YES_AGGRESSIVE;
				GCC_WARN_UNUSED_FUNCTION = YES;
				GCC_WARN_UNUSED_VARIABLE = YES;
				IPHONEOS_DEPLOYMENT_TARGET = 17.4;
				LOCALIZATION_PREFERS_STRING_CATALOGS = YES;
				MTL_ENABLE_DEBUG_INFO = NO;
				MTL_FAST_MATH = YES;
				SDKROOT = iphoneos;
				SWIFT_COMPILATION_MODE = wholemodule;
				VALIDATE_PRODUCT = YES;
			};
			name = Release;
		};
		C80CA7192BD3C6700075F95B /* Debug */ = {
			isa = XCBuildConfiguration;
			buildSettings = {
				ASSETCATALOG_COMPILER_APPICON_NAME = AppIcon;
				ASSETCATALOG_COMPILER_GLOBAL_ACCENT_COLOR_NAME = AccentColor;
				CODE_SIGN_STYLE = Automatic;
				CURRENT_PROJECT_VERSION = 1;
				GENERATE_INFOPLIST_FILE = YES;
				INFOPLIST_FILE = HomeWork16/Info.plist;
				INFOPLIST_KEY_UIApplicationSupportsIndirectInputEvents = YES;
				INFOPLIST_KEY_UILaunchStoryboardName = LaunchScreen;
				INFOPLIST_KEY_UISupportedInterfaceOrientations_iPad = "UIInterfaceOrientationPortrait UIInterfaceOrientationPortraitUpsideDown UIInterfaceOrientationLandscapeLeft UIInterfaceOrientationLandscapeRight";
				INFOPLIST_KEY_UISupportedInterfaceOrientations_iPhone = "UIInterfaceOrientationPortrait UIInterfaceOrientationLandscapeLeft UIInterfaceOrientationLandscapeRight";
				LD_RUNPATH_SEARCH_PATHS = (
					"$(inherited)",
					"@executable_path/Frameworks",
				);
				MARKETING_VERSION = 1.0;
				PRODUCT_BUNDLE_IDENTIFIER = "Alex-Matsenko.HomeWork16";
				PRODUCT_NAME = "$(TARGET_NAME)";
				SWIFT_EMIT_LOC_STRINGS = YES;
				SWIFT_VERSION = 5.0;
				TARGETED_DEVICE_FAMILY = "1,2";
			};
			name = Debug;
		};
		C80CA71A2BD3C6700075F95B /* Release */ = {
			isa = XCBuildConfiguration;
			buildSettings = {
				ASSETCATALOG_COMPILER_APPICON_NAME = AppIcon;
				ASSETCATALOG_COMPILER_GLOBAL_ACCENT_COLOR_NAME = AccentColor;
				CODE_SIGN_STYLE = Automatic;
				CURRENT_PROJECT_VERSION = 1;
				GENERATE_INFOPLIST_FILE = YES;
				INFOPLIST_FILE = HomeWork16/Info.plist;
				INFOPLIST_KEY_UIApplicationSupportsIndirectInputEvents = YES;
				INFOPLIST_KEY_UILaunchStoryboardName = LaunchScreen;
				INFOPLIST_KEY_UISupportedInterfaceOrientations_iPad = "UIInterfaceOrientationPortrait UIInterfaceOrientationPortraitUpsideDown UIInterfaceOrientationLandscapeLeft UIInterfaceOrientationLandscapeRight";
				INFOPLIST_KEY_UISupportedInterfaceOrientations_iPhone = "UIInterfaceOrientationPortrait UIInterfaceOrientationLandscapeLeft UIInterfaceOrientationLandscapeRight";
				LD_RUNPATH_SEARCH_PATHS = (
					"$(inherited)",
					"@executable_path/Frameworks",
				);
				MARKETING_VERSION = 1.0;
				PRODUCT_BUNDLE_IDENTIFIER = "Alex-Matsenko.HomeWork16";
				PRODUCT_NAME = "$(TARGET_NAME)";
				SWIFT_EMIT_LOC_STRINGS = YES;
				SWIFT_VERSION = 5.0;
				TARGETED_DEVICE_FAMILY = "1,2";
			};
			name = Release;
		};
/* End XCBuildConfiguration section */

/* Begin XCConfigurationList section */
		C80CA6FF2BD3C66E0075F95B /* Build configuration list for PBXProject "HomeWork16" */ = {
			isa = XCConfigurationList;
			buildConfigurations = (
				C80CA7162BD3C6700075F95B /* Debug */,
				C80CA7172BD3C6700075F95B /* Release */,
			);
			defaultConfigurationIsVisible = 0;
			defaultConfigurationName = Release;
		};
		C80CA7182BD3C6700075F95B /* Build configuration list for PBXNativeTarget "HomeWork16" */ = {
			isa = XCConfigurationList;
			buildConfigurations = (
				C80CA7192BD3C6700075F95B /* Debug */,
				C80CA71A2BD3C6700075F95B /* Release */,
			);
			defaultConfigurationIsVisible = 0;
			defaultConfigurationName = Release;
		};
/* End XCConfigurationList section */
	};
	rootObject = C80CA6FC2BD3C66E0075F95B /* Project object */;
}
